
Microsoft Visual Studio Solution File, Format Version 12.00
# Visual Studio Version 16
VisualStudioVersion = 16.0.30907.101
MinimumVisualStudioVersion = 10.0.40219.1
Project("{FAE04EC0-301F-11D3-BF4B-00C04F79EFBC}") = "RRQMCore", "RRQMCore\RRQMCore.csproj", "{9CCFC429-22D1-4AF1-B970-FF4A342AD231}"
EndProject
Global
	GlobalSection(SolutionConfigurationPlatforms) = preSolution
		Debug|Any CPU = Debug|Any CPU
		Release|Any CPU = Release|Any CPU
	EndGlobalSection
	GlobalSection(ProjectConfigurationPlatforms) = postSolution
		{9CCFC429-22D1-4AF1-B970-FF4A342AD231}.Debug|Any CPU.ActiveCfg = Debug|Any CPU
		{9CCFC429-22D1-4AF1-B970-FF4A342AD231}.Debug|Any CPU.Build.0 = Debug|Any CPU
		{9CCFC429-22D1-4AF1-B970-FF4A342AD231}.Release|Any CPU.ActiveCfg = Release|Any CPU
		{9CCFC429-22D1-4AF1-B970-FF4A342AD231}.Release|Any CPU.Build.0 = Release|Any CPU
	EndGlobalSection
	GlobalSection(SolutionProperties) = preSolution
		HideSolutionNode = FALSE
	EndGlobalSection
	GlobalSection(ExtensibilityGlobals) = postSolution
		SolutionGuid = {C0B2BE06-0F30-481E-9332-6A0600C0B4EB}
	EndGlobalSection
EndGlobal
